
Microsoft Visual Studio Solution File, Format Version 12.00
# Visual Studio 2013
VisualStudioVersion = 12.0.21005.1
MinimumVisualStudioVersion = 10.0.40219.1
Project("{FAE04EC0-301F-11D3-BF4B-00C04F79EFBC}") = "HR", "HR\HR.csproj", "{060022F8-FD5E-4C57-AAC4-57EB1FAC2F30}"
EndProject
Project("{FAE04EC0-301F-11D3-BF4B-00C04F79EFBC}") = "HR.Tests", "HR.Tests\HR.Tests.csproj", "{99F1DF4E-D1D8-4413-A60E-0510A20EAA19}"
EndProject
Global
	GlobalSection(SolutionConfigurationPlatforms) = preSolution
		Debug|Any CPU = Debug|Any CPU
		Release|Any CPU = Release|Any CPU
	EndGlobalSection
	GlobalSection(ProjectConfigurationPlatforms) = postSolution
		{060022F8-FD5E-4C57-AAC4-57EB1FAC2F30}.Debug|Any CPU.ActiveCfg = Debug|Any CPU
		{060022F8-FD5E-4C57-AAC4-57EB1FAC2F30}.Debug|Any CPU.Build.0 = Debug|Any CPU
		{060022F8-FD5E-4C57-AAC4-57EB1FAC2F30}.Release|Any CPU.ActiveCfg = Release|Any CPU
		{060022F8-FD5E-4C57-AAC4-57EB1FAC2F30}.Release|Any CPU.Build.0 = Release|Any CPU
		{99F1DF4E-D1D8-4413-A60E-0510A20EAA19}.Debug|Any CPU.ActiveCfg = Debug|Any CPU
		{99F1DF4E-D1D8-4413-A60E-0510A20EAA19}.Debug|Any CPU.Build.0 = Debug|Any CPU
		{99F1DF4E-D1D8-4413-A60E-0510A20EAA19}.Release|Any CPU.ActiveCfg = Release|Any CPU
		{99F1DF4E-D1D8-4413-A60E-0510A20EAA19}.Release|Any CPU.Build.0 = Release|Any CPU
	EndGlobalSection
	GlobalSection(SolutionProperties) = preSolution
		HideSolutionNode = FALSE
	EndGlobalSection
EndGlobal
